// !$*UTF8*$!
{
	archiveVersion = 1;
	classes = {
	};
	objectVersion = 50;
	objects = {

/* Begin PBXBuildFile section */
		1E15A28C26C14E7E002BBECA /* ActivityLogViewController.swift in Sources */ = {isa = PBXBuildFile; fileRef = 1E15A28B26C14E7E002BBECA /* ActivityLogViewController.swift */; };
		1E15A29126C1518C002BBECA /* ActivityLogPresenter.swift in Sources */ = {isa = PBXBuildFile; fileRef = 1E15A29026C1518C002BBECA /* ActivityLogPresenter.swift */; };
		1E15A29626C151E7002BBECA /* ActivityLogInteractor.swift in Sources */ = {isa = PBXBuildFile; fileRef = 1E15A29526C151E7002BBECA /* ActivityLogInteractor.swift */; };
		1E15A2A726C18C98002BBECA /* ActivityLogManagerTests.swift in Sources */ = {isa = PBXBuildFile; fileRef = 1E15A2A626C18C98002BBECA /* ActivityLogManagerTests.swift */; };
		1E15A2B226C1A55D002BBECA /* ActivityLogTableViewCell.swift in Sources */ = {isa = PBXBuildFile; fileRef = 1E15A2B126C1A55D002BBECA /* ActivityLogTableViewCell.swift */; };
		1E55C26F26BE2E2A0046E34C /* AppDelegate.swift in Sources */ = {isa = PBXBuildFile; fileRef = 1E55C26E26BE2E2A0046E34C /* AppDelegate.swift */; };
		1E55C27126BE2E2A0046E34C /* SceneDelegate.swift in Sources */ = {isa = PBXBuildFile; fileRef = 1E55C27026BE2E2A0046E34C /* SceneDelegate.swift */; };
		1E55C27626BE2E2A0046E34C /* Main.storyboard in Resources */ = {isa = PBXBuildFile; fileRef = 1E55C27426BE2E2A0046E34C /* Main.storyboard */; };
		1E55C27B26BE2E500046E34C /* Assets.xcassets in Resources */ = {isa = PBXBuildFile; fileRef = 1E55C27A26BE2E500046E34C /* Assets.xcassets */; };
		1E55C27E26BE2E500046E34C /* LaunchScreen.storyboard in Resources */ = {isa = PBXBuildFile; fileRef = 1E55C27C26BE2E500046E34C /* LaunchScreen.storyboard */; };
		1E55C28926BE2E520046E34C /* SignupAppTests.swift in Sources */ = {isa = PBXBuildFile; fileRef = 1E55C28826BE2E520046E34C /* SignupAppTests.swift */; };
		1E55C29426BE2E520046E34C /* SignupAppUITests.swift in Sources */ = {isa = PBXBuildFile; fileRef = 1E55C29326BE2E520046E34C /* SignupAppUITests.swift */; };
		1E55C2AB26BE32100046E34C /* UserData.swift in Sources */ = {isa = PBXBuildFile; fileRef = 1E55C2AA26BE32100046E34C /* UserData.swift */; };
		1E55C2BC26BE33B60046E34C /* UserDataLoginViewController.swift in Sources */ = {isa = PBXBuildFile; fileRef = 1E55C2BB26BE33B60046E34C /* UserDataLoginViewController.swift */; };
		1E55C2C126BE34430046E34C /* UserDataManagerContract.swift in Sources */ = {isa = PBXBuildFile; fileRef = 1E55C2C026BE34430046E34C /* UserDataManagerContract.swift */; };
		1E55C2C626BE35620046E34C /* UserDataManagerCoreData.swift in Sources */ = {isa = PBXBuildFile; fileRef = 1E55C2C526BE35620046E34C /* UserDataManagerCoreData.swift */; };
		1E55C2CB26BE37B00046E34C /* UserDataManagerCloudKit.swift in Sources */ = {isa = PBXBuildFile; fileRef = 1E55C2CA26BE37B00046E34C /* UserDataManagerCloudKit.swift */; };
		1E55C2D026BE38650046E34C /* CoreDataManager.swift in Sources */ = {isa = PBXBuildFile; fileRef = 1E55C2CF26BE38650046E34C /* CoreDataManager.swift */; };
		1E55C2DA26BE4B000046E34C /* signupdb.xcdatamodeld in Sources */ = {isa = PBXBuildFile; fileRef = 1E55C2D826BE4B000046E34C /* signupdb.xcdatamodeld */; };
		1E55C30626BE7C550046E34C /* UserDataEntity+CoreDataClass.swift in Sources */ = {isa = PBXBuildFile; fileRef = 1E55C30426BE7C550046E34C /* UserDataEntity+CoreDataClass.swift */; };
		1E55C30726BE7C550046E34C /* UserDataEntity+CoreDataProperties.swift in Sources */ = {isa = PBXBuildFile; fileRef = 1E55C30526BE7C550046E34C /* UserDataEntity+CoreDataProperties.swift */; };
		1E55C30F26BF2BD10046E34C /* UserDataPresenter.swift in Sources */ = {isa = PBXBuildFile; fileRef = 1E55C30E26BF2BD10046E34C /* UserDataPresenter.swift */; };
		1E55C31426BF39920046E34C /* UserDataInteractor.swift in Sources */ = {isa = PBXBuildFile; fileRef = 1E55C31326BF39920046E34C /* UserDataInteractor.swift */; };
		1E55C31926BF3A3E0046E34C /* DataManagerContract.swift in Sources */ = {isa = PBXBuildFile; fileRef = 1E55C31826BF3A3E0046E34C /* DataManagerContract.swift */; };
		1E55C31F26BF4F630046E34C /* ValidDataCheckContract.swift in Sources */ = {isa = PBXBuildFile; fileRef = 1E55C31E26BF4F630046E34C /* ValidDataCheckContract.swift */; };
		1E55C32726BF4FD90046E34C /* ValidDataCheck.swift in Sources */ = {isa = PBXBuildFile; fileRef = 1E55C32626BF4FD90046E34C /* ValidDataCheck.swift */; };
		1E55C32C26BF88710046E34C /* ViewControllerExtension.swift in Sources */ = {isa = PBXBuildFile; fileRef = 1E55C32B26BF88710046E34C /* ViewControllerExtension.swift */; };
		1EAD01E426C02B9F006AFB21 /* ClockData.swift in Sources */ = {isa = PBXBuildFile; fileRef = 1EAD01E326C02B9F006AFB21 /* ClockData.swift */; };
		1EAD020626C04ADE006AFB21 /* UserDataManagerFirebase.swift in Sources */ = {isa = PBXBuildFile; fileRef = 1EAD020526C04ADE006AFB21 /* UserDataManagerFirebase.swift */; };
		1EAD020C26C04F0E006AFB21 /* ClockServiceContract.swift in Sources */ = {isa = PBXBuildFile; fileRef = 1EAD020B26C04F0E006AFB21 /* ClockServiceContract.swift */; };
		1EAD021126C04F80006AFB21 /* ClockServiceAPIGeoNamesAdapter.swift in Sources */ = {isa = PBXBuildFile; fileRef = 1EAD021026C04F80006AFB21 /* ClockServiceAPIGeoNamesAdapter.swift */; };
		1EAD021626C0509A006AFB21 /* ClockAPIGeoNames.swift in Sources */ = {isa = PBXBuildFile; fileRef = 1EAD021526C0509A006AFB21 /* ClockAPIGeoNames.swift */; };
		1EAD021B26C08442006AFB21 /* UserDataManagerTests.swift in Sources */ = {isa = PBXBuildFile; fileRef = 1EAD021A26C08442006AFB21 /* UserDataManagerTests.swift */; };
		1EAD022026C08CF8006AFB21 /* ClockAPIService.swift in Sources */ = {isa = PBXBuildFile; fileRef = 1EAD021F26C08CF8006AFB21 /* ClockAPIService.swift */; };
		1EAD022826C0927D006AFB21 /* ClockDataTests.swift in Sources */ = {isa = PBXBuildFile; fileRef = 1EAD022726C0927D006AFB21 /* ClockDataTests.swift */; };
		1EAD022E26C09D50006AFB21 /* sample.json in Resources */ = {isa = PBXBuildFile; fileRef = 1EAD022D26C09D50006AFB21 /* sample.json */; };
		1EAD023C26C10819006AFB21 /* ActivityLogManagerContract.swift in Sources */ = {isa = PBXBuildFile; fileRef = 1EAD023B26C10819006AFB21 /* ActivityLogManagerContract.swift */; };
		1EAD024126C1087B006AFB21 /* ActivityLogManagerCoreData.swift in Sources */ = {isa = PBXBuildFile; fileRef = 1EAD024026C1087B006AFB21 /* ActivityLogManagerCoreData.swift */; };
		1EAD024926C10A9D006AFB21 /* ActivityLogData.swift in Sources */ = {isa = PBXBuildFile; fileRef = 1EAD024826C10A9D006AFB21 /* ActivityLogData.swift */; };
		1EAD025826C10C87006AFB21 /* ActivityLogEntity+CoreDataClass.swift in Sources */ = {isa = PBXBuildFile; fileRef = 1EAD025626C10C87006AFB21 /* ActivityLogEntity+CoreDataClass.swift */; };
		1EAD025926C10C87006AFB21 /* ActivityLogEntity+CoreDataProperties.swift in Sources */ = {isa = PBXBuildFile; fileRef = 1EAD025726C10C87006AFB21 /* ActivityLogEntity+CoreDataProperties.swift */; };
/* End PBXBuildFile section */

/* Begin PBXContainerItemProxy section */
		1E55C28526BE2E510046E34C /* PBXContainerItemProxy */ = {
			isa = PBXContainerItemProxy;
			containerPortal = 1E55C26326BE2E290046E34C /* Project object */;
			proxyType = 1;
			remoteGlobalIDString = 1E55C26A26BE2E290046E34C;
			remoteInfo = SignupApp;
		};
		1E55C29026BE2E520046E34C /* PBXContainerItemProxy */ = {
			isa = PBXContainerItemProxy;
			containerPortal = 1E55C26326BE2E290046E34C /* Project object */;
			proxyType = 1;
			remoteGlobalIDString = 1E55C26A26BE2E290046E34C;
			remoteInfo = SignupApp;
		};
/* End PBXContainerItemProxy section */

/* Begin PBXFileReference section */
		1E15A28B26C14E7E002BBECA /* ActivityLogViewController.swift */ = {isa = PBXFileReference; lastKnownFileType = sourcecode.swift; path = ActivityLogViewController.swift; sourceTree = "<group>"; };
		1E15A29026C1518C002BBECA /* ActivityLogPresenter.swift */ = {isa = PBXFileReference; lastKnownFileType = sourcecode.swift; path = ActivityLogPresenter.swift; sourceTree = "<group>"; };
		1E15A29526C151E7002BBECA /* ActivityLogInteractor.swift */ = {isa = PBXFileReference; lastKnownFileType = sourcecode.swift; path = ActivityLogInteractor.swift; sourceTree = "<group>"; };
		1E15A2A626C18C98002BBECA /* ActivityLogManagerTests.swift */ = {isa = PBXFileReference; lastKnownFileType = sourcecode.swift; path = ActivityLogManagerTests.swift; sourceTree = "<group>"; };
		1E15A2B126C1A55D002BBECA /* ActivityLogTableViewCell.swift */ = {isa = PBXFileReference; lastKnownFileType = sourcecode.swift; path = ActivityLogTableViewCell.swift; sourceTree = "<group>"; };
		1E55C26B26BE2E290046E34C /* SignupApp.app */ = {isa = PBXFileReference; explicitFileType = wrapper.application; includeInIndex = 0; path = SignupApp.app; sourceTree = BUILT_PRODUCTS_DIR; };
		1E55C26E26BE2E2A0046E34C /* AppDelegate.swift */ = {isa = PBXFileReference; lastKnownFileType = sourcecode.swift; path = AppDelegate.swift; sourceTree = "<group>"; };
		1E55C27026BE2E2A0046E34C /* SceneDelegate.swift */ = {isa = PBXFileReference; lastKnownFileType = sourcecode.swift; path = SceneDelegate.swift; sourceTree = "<group>"; };
		1E55C27526BE2E2A0046E34C /* Base */ = {isa = PBXFileReference; lastKnownFileType = file.storyboard; name = Base; path = Base.lproj/Main.storyboard; sourceTree = "<group>"; };
		1E55C27A26BE2E500046E34C /* Assets.xcassets */ = {isa = PBXFileReference; lastKnownFileType = folder.assetcatalog; path = Assets.xcassets; sourceTree = "<group>"; };
		1E55C27D26BE2E500046E34C /* Base */ = {isa = PBXFileReference; lastKnownFileType = file.storyboard; name = Base; path = Base.lproj/LaunchScreen.storyboard; sourceTree = "<group>"; };
		1E55C27F26BE2E500046E34C /* Info.plist */ = {isa = PBXFileReference; lastKnownFileType = text.plist.xml; path = Info.plist; sourceTree = "<group>"; };
		1E55C28426BE2E510046E34C /* SignupAppTests.xctest */ = {isa = PBXFileReference; explicitFileType = wrapper.cfbundle; includeInIndex = 0; path = SignupAppTests.xctest; sourceTree = BUILT_PRODUCTS_DIR; };
		1E55C28826BE2E520046E34C /* SignupAppTests.swift */ = {isa = PBXFileReference; lastKnownFileType = sourcecode.swift; path = SignupAppTests.swift; sourceTree = "<group>"; };
		1E55C28A26BE2E520046E34C /* Info.plist */ = {isa = PBXFileReference; lastKnownFileType = text.plist.xml; path = Info.plist; sourceTree = "<group>"; };
		1E55C28F26BE2E520046E34C /* SignupAppUITests.xctest */ = {isa = PBXFileReference; explicitFileType = wrapper.cfbundle; includeInIndex = 0; path = SignupAppUITests.xctest; sourceTree = BUILT_PRODUCTS_DIR; };
		1E55C29326BE2E520046E34C /* SignupAppUITests.swift */ = {isa = PBXFileReference; lastKnownFileType = sourcecode.swift; path = SignupAppUITests.swift; sourceTree = "<group>"; };
		1E55C29526BE2E520046E34C /* Info.plist */ = {isa = PBXFileReference; lastKnownFileType = text.plist.xml; path = Info.plist; sourceTree = "<group>"; };
		1E55C2AA26BE32100046E34C /* UserData.swift */ = {isa = PBXFileReference; lastKnownFileType = sourcecode.swift; path = UserData.swift; sourceTree = "<group>"; };
		1E55C2BB26BE33B60046E34C /* UserDataLoginViewController.swift */ = {isa = PBXFileReference; lastKnownFileType = sourcecode.swift; path = UserDataLoginViewController.swift; sourceTree = "<group>"; };
		1E55C2C026BE34430046E34C /* UserDataManagerContract.swift */ = {isa = PBXFileReference; lastKnownFileType = sourcecode.swift; path = UserDataManagerContract.swift; sourceTree = "<group>"; };
		1E55C2C526BE35620046E34C /* UserDataManagerCoreData.swift */ = {isa = PBXFileReference; lastKnownFileType = sourcecode.swift; path = UserDataManagerCoreData.swift; sourceTree = "<group>"; };
		1E55C2CA26BE37B00046E34C /* UserDataManagerCloudKit.swift */ = {isa = PBXFileReference; lastKnownFileType = sourcecode.swift; path = UserDataManagerCloudKit.swift; sourceTree = "<group>"; };
		1E55C2CF26BE38650046E34C /* CoreDataManager.swift */ = {isa = PBXFileReference; lastKnownFileType = sourcecode.swift; path = CoreDataManager.swift; sourceTree = "<group>"; };
		1E55C2D926BE4B000046E34C /* signupdb.xcdatamodel */ = {isa = PBXFileReference; lastKnownFileType = wrapper.xcdatamodel; path = signupdb.xcdatamodel; sourceTree = "<group>"; };
		1E55C30426BE7C550046E34C /* UserDataEntity+CoreDataClass.swift */ = {isa = PBXFileReference; lastKnownFileType = sourcecode.swift; path = "UserDataEntity+CoreDataClass.swift"; sourceTree = "<group>"; };
		1E55C30526BE7C550046E34C /* UserDataEntity+CoreDataProperties.swift */ = {isa = PBXFileReference; lastKnownFileType = sourcecode.swift; path = "UserDataEntity+CoreDataProperties.swift"; sourceTree = "<group>"; };
		1E55C30E26BF2BD10046E34C /* UserDataPresenter.swift */ = {isa = PBXFileReference; lastKnownFileType = sourcecode.swift; path = UserDataPresenter.swift; sourceTree = "<group>"; };
		1E55C31326BF39920046E34C /* UserDataInteractor.swift */ = {isa = PBXFileReference; lastKnownFileType = sourcecode.swift; path = UserDataInteractor.swift; sourceTree = "<group>"; };
		1E55C31826BF3A3E0046E34C /* DataManagerContract.swift */ = {isa = PBXFileReference; lastKnownFileType = sourcecode.swift; path = DataManagerContract.swift; sourceTree = "<group>"; };
		1E55C31E26BF4F630046E34C /* ValidDataCheckContract.swift */ = {isa = PBXFileReference; lastKnownFileType = sourcecode.swift; path = ValidDataCheckContract.swift; sourceTree = "<group>"; };
		1E55C32626BF4FD90046E34C /* ValidDataCheck.swift */ = {isa = PBXFileReference; lastKnownFileType = sourcecode.swift; path = ValidDataCheck.swift; sourceTree = "<group>"; };
		1E55C32B26BF88710046E34C /* ViewControllerExtension.swift */ = {isa = PBXFileReference; lastKnownFileType = sourcecode.swift; path = ViewControllerExtension.swift; sourceTree = "<group>"; };
		1EAD01E326C02B9F006AFB21 /* ClockData.swift */ = {isa = PBXFileReference; lastKnownFileType = sourcecode.swift; path = ClockData.swift; sourceTree = "<group>"; };
		1EAD020526C04ADE006AFB21 /* UserDataManagerFirebase.swift */ = {isa = PBXFileReference; lastKnownFileType = sourcecode.swift; path = UserDataManagerFirebase.swift; sourceTree = "<group>"; };
		1EAD020B26C04F0E006AFB21 /* ClockServiceContract.swift */ = {isa = PBXFileReference; lastKnownFileType = sourcecode.swift; path = ClockServiceContract.swift; sourceTree = "<group>"; };
		1EAD021026C04F80006AFB21 /* ClockServiceAPIGeoNamesAdapter.swift */ = {isa = PBXFileReference; lastKnownFileType = sourcecode.swift; path = ClockServiceAPIGeoNamesAdapter.swift; sourceTree = "<group>"; };
		1EAD021526C0509A006AFB21 /* ClockAPIGeoNames.swift */ = {isa = PBXFileReference; lastKnownFileType = sourcecode.swift; path = ClockAPIGeoNames.swift; sourceTree = "<group>"; };
		1EAD021A26C08442006AFB21 /* UserDataManagerTests.swift */ = {isa = PBXFileReference; lastKnownFileType = sourcecode.swift; path = UserDataManagerTests.swift; sourceTree = "<group>"; };
		1EAD021F26C08CF8006AFB21 /* ClockAPIService.swift */ = {isa = PBXFileReference; lastKnownFileType = sourcecode.swift; path = ClockAPIService.swift; sourceTree = "<group>"; };
		1EAD022726C0927D006AFB21 /* ClockDataTests.swift */ = {isa = PBXFileReference; lastKnownFileType = sourcecode.swift; path = ClockDataTests.swift; sourceTree = "<group>"; };
		1EAD022D26C09D50006AFB21 /* sample.json */ = {isa = PBXFileReference; lastKnownFileType = text.json; path = sample.json; sourceTree = "<group>"; };
		1EAD023B26C10819006AFB21 /* ActivityLogManagerContract.swift */ = {isa = PBXFileReference; lastKnownFileType = sourcecode.swift; path = ActivityLogManagerContract.swift; sourceTree = "<group>"; };
		1EAD024026C1087B006AFB21 /* ActivityLogManagerCoreData.swift */ = {isa = PBXFileReference; lastKnownFileType = sourcecode.swift; path = ActivityLogManagerCoreData.swift; sourceTree = "<group>"; };
		1EAD024826C10A9D006AFB21 /* ActivityLogData.swift */ = {isa = PBXFileReference; lastKnownFileType = sourcecode.swift; path = ActivityLogData.swift; sourceTree = "<group>"; };
		1EAD025626C10C87006AFB21 /* ActivityLogEntity+CoreDataClass.swift */ = {isa = PBXFileReference; lastKnownFileType = sourcecode.swift; path = "ActivityLogEntity+CoreDataClass.swift"; sourceTree = "<group>"; };
		1EAD025726C10C87006AFB21 /* ActivityLogEntity+CoreDataProperties.swift */ = {isa = PBXFileReference; lastKnownFileType = sourcecode.swift; path = "ActivityLogEntity+CoreDataProperties.swift"; sourceTree = "<group>"; };
/* End PBXFileReference section */

/* Begin PBXFrameworksBuildPhase section */
		1E55C26826BE2E290046E34C /* Frameworks */ = {
			isa = PBXFrameworksBuildPhase;
			buildActionMask = 2147483647;
			files = (
			);
			runOnlyForDeploymentPostprocessing = 0;
		};
		1E55C28126BE2E510046E34C /* Frameworks */ = {
			isa = PBXFrameworksBuildPhase;
			buildActionMask = 2147483647;
			files = (
			);
			runOnlyForDeploymentPostprocessing = 0;
		};
		1E55C28C26BE2E520046E34C /* Frameworks */ = {
			isa = PBXFrameworksBuildPhase;
			buildActionMask = 2147483647;
			files = (
			);
			runOnlyForDeploymentPostprocessing = 0;
		};
/* End PBXFrameworksBuildPhase section */

/* Begin PBXGroup section */
		1E55C26226BE2E290046E34C = {
			isa = PBXGroup;
			children = (
				1E55C26D26BE2E290046E34C /* SignupApp */,
				1E55C28726BE2E510046E34C /* SignupAppTests */,
				1E55C29226BE2E520046E34C /* SignupAppUITests */,
				1E55C26C26BE2E290046E34C /* Products */,
			);
			sourceTree = "<group>";
		};
		1E55C26C26BE2E290046E34C /* Products */ = {
			isa = PBXGroup;
			children = (
				1E55C26B26BE2E290046E34C /* SignupApp.app */,
				1E55C28426BE2E510046E34C /* SignupAppTests.xctest */,
				1E55C28F26BE2E520046E34C /* SignupAppUITests.xctest */,
			);
			name = Products;
			sourceTree = "<group>";
		};
		1E55C26D26BE2E290046E34C /* SignupApp */ = {
			isa = PBXGroup;
			children = (
				1E55C2DE26BE4C0E0046E34C /* Application */,
				1EAD01E126C02A0F006AFB21 /* Resources */,
				1EAD01E026C029D9006AFB21 /* Common */,
				1E55C2A626BE314F0046E34C /* Modules */,
				1E55C2A426BE2F1C0046E34C /* Model */,
				1EAD01F226C041F3006AFB21 /* Helper */,
			);
			path = SignupApp;
			sourceTree = "<group>";
		};
		1E55C28726BE2E510046E34C /* SignupAppTests */ = {
			isa = PBXGroup;
			children = (
				1E55C28826BE2E520046E34C /* SignupAppTests.swift */,
				1E55C28A26BE2E520046E34C /* Info.plist */,
				1EAD021A26C08442006AFB21 /* UserDataManagerTests.swift */,
				1EAD022726C0927D006AFB21 /* ClockDataTests.swift */,
				1E15A2A626C18C98002BBECA /* ActivityLogManagerTests.swift */,
			);
			path = SignupAppTests;
			sourceTree = "<group>";
		};
		1E55C29226BE2E520046E34C /* SignupAppUITests */ = {
			isa = PBXGroup;
			children = (
				1E55C29326BE2E520046E34C /* SignupAppUITests.swift */,
				1E55C29526BE2E520046E34C /* Info.plist */,
			);
			path = SignupAppUITests;
			sourceTree = "<group>";
		};
		1E55C2A426BE2F1C0046E34C /* Model */ = {
			isa = PBXGroup;
			children = (
				1EAD020A26C04D74006AFB21 /* Services */,
				1E55C2D726BE4AC50046E34C /* CoreDataDataModel */,
				1E55C2A926BE31C40046E34C /* Entity */,
				1E55C2A526BE2F540046E34C /* Managers */,
			);
			path = Model;
			sourceTree = "<group>";
		};
		1E55C2A526BE2F540046E34C /* Managers */ = {
			isa = PBXGroup;
			children = (
				1EAD023B26C10819006AFB21 /* ActivityLogManagerContract.swift */,
				1EAD024026C1087B006AFB21 /* ActivityLogManagerCoreData.swift */,
				1E55C2C526BE35620046E34C /* UserDataManagerCoreData.swift */,
				1E55C2C026BE34430046E34C /* UserDataManagerContract.swift */,
				1E55C2CA26BE37B00046E34C /* UserDataManagerCloudKit.swift */,
				1E55C2CF26BE38650046E34C /* CoreDataManager.swift */,
				1E55C31826BF3A3E0046E34C /* DataManagerContract.swift */,
				1EAD020526C04ADE006AFB21 /* UserDataManagerFirebase.swift */,
			);
			path = Managers;
			sourceTree = "<group>";
		};
		1E55C2A626BE314F0046E34C /* Modules */ = {
			isa = PBXGroup;
			children = (
				1E55C2A826BE31600046E34C /* ActivityLog */,
				1E55C2A726BE31580046E34C /* UserData */,
			);
			path = Modules;
			sourceTree = "<group>";
		};
		1E55C2A726BE31580046E34C /* UserData */ = {
			isa = PBXGroup;
			children = (
				1E55C2BB26BE33B60046E34C /* UserDataLoginViewController.swift */,
				1E55C30E26BF2BD10046E34C /* UserDataPresenter.swift */,
				1E55C31326BF39920046E34C /* UserDataInteractor.swift */,
			);
			path = UserData;
			sourceTree = "<group>";
		};
		1E55C2A826BE31600046E34C /* ActivityLog */ = {
			isa = PBXGroup;
			children = (
				1E15A28B26C14E7E002BBECA /* ActivityLogViewController.swift */,
				1E15A29026C1518C002BBECA /* ActivityLogPresenter.swift */,
				1E15A29526C151E7002BBECA /* ActivityLogInteractor.swift */,
				1E15A2B126C1A55D002BBECA /* ActivityLogTableViewCell.swift */,
			);
			path = ActivityLog;
			sourceTree = "<group>";
		};
		1E55C2A926BE31C40046E34C /* Entity */ = {
			isa = PBXGroup;
			children = (
				1E55C2AA26BE32100046E34C /* UserData.swift */,
				1EAD01E326C02B9F006AFB21 /* ClockData.swift */,
				1EAD024826C10A9D006AFB21 /* ActivityLogData.swift */,
			);
			path = Entity;
			sourceTree = "<group>";
		};
		1E55C2D726BE4AC50046E34C /* CoreDataDataModel */ = {
			isa = PBXGroup;
			children = (
				1EAD025626C10C87006AFB21 /* ActivityLogEntity+CoreDataClass.swift */,
				1EAD025726C10C87006AFB21 /* ActivityLogEntity+CoreDataProperties.swift */,
				1E55C30426BE7C550046E34C /* UserDataEntity+CoreDataClass.swift */,
				1E55C30526BE7C550046E34C /* UserDataEntity+CoreDataProperties.swift */,
				1E55C2D826BE4B000046E34C /* signupdb.xcdatamodeld */,
			);
			path = CoreDataDataModel;
			sourceTree = "<group>";
		};
		1E55C2DE26BE4C0E0046E34C /* Application */ = {
			isa = PBXGroup;
			children = (
				1E55C27F26BE2E500046E34C /* Info.plist */,
				1EAD01F126C04197006AFB21 /* Components */,
				1EAD01E226C02A54006AFB21 /* Storyboards */,
				1E55C26E26BE2E2A0046E34C /* AppDelegate.swift */,
				1E55C27026BE2E2A0046E34C /* SceneDelegate.swift */,
			);
			path = Application;
			sourceTree = "<group>";
		};
		1E55C31D26BF4EF80046E34C /* Utilities */ = {
			isa = PBXGroup;
			children = (
				1E55C31E26BF4F630046E34C /* ValidDataCheckContract.swift */,
				1E55C32626BF4FD90046E34C /* ValidDataCheck.swift */,
			);
			path = Utilities;
			sourceTree = "<group>";
		};
		1EAD01E026C029D9006AFB21 /* Common */ = {
			isa = PBXGroup;
			children = (
				1EAD01FB26C046CF006AFB21 /* Extensions */,
				1E55C31D26BF4EF80046E34C /* Utilities */,
			);
			path = Common;
			sourceTree = "<group>";
		};
		1EAD01E126C02A0F006AFB21 /* Resources */ = {
			isa = PBXGroup;
			children = (
				1EAD022C26C09CDF006AFB21 /* json */,
				1E55C27A26BE2E500046E34C /* Assets.xcassets */,
			);
			path = Resources;
			sourceTree = "<group>";
		};
		1EAD01E226C02A54006AFB21 /* Storyboards */ = {
			isa = PBXGroup;
			children = (
				1E55C27426BE2E2A0046E34C /* Main.storyboard */,
				1E55C27C26BE2E500046E34C /* LaunchScreen.storyboard */,
			);
			path = Storyboards;
			sourceTree = "<group>";
		};
		1EAD01F126C04197006AFB21 /* Components */ = {
			isa = PBXGroup;
			children = (
			);
			path = Components;
			sourceTree = "<group>";
		};
		1EAD01F226C041F3006AFB21 /* Helper */ = {
			isa = PBXGroup;
			children = (
			);
			path = Helper;
			sourceTree = "<group>";
		};
		1EAD01FB26C046CF006AFB21 /* Extensions */ = {
			isa = PBXGroup;
			children = (
				1E55C32B26BF88710046E34C /* ViewControllerExtension.swift */,
			);
			path = Extensions;
			sourceTree = "<group>";
		};
		1EAD020A26C04D74006AFB21 /* Services */ = {
			isa = PBXGroup;
			children = (
				1EAD020B26C04F0E006AFB21 /* ClockServiceContract.swift */,
				1EAD021026C04F80006AFB21 /* ClockServiceAPIGeoNamesAdapter.swift */,
				1EAD021526C0509A006AFB21 /* ClockAPIGeoNames.swift */,
				1EAD021F26C08CF8006AFB21 /* ClockAPIService.swift */,
			);
			path = Services;
			sourceTree = "<group>";
		};
		1EAD022C26C09CDF006AFB21 /* json */ = {
			isa = PBXGroup;
			children = (
				1EAD022D26C09D50006AFB21 /* sample.json */,
			);
			path = json;
			sourceTree = "<group>";
		};
/* End PBXGroup section */

/* Begin PBXNativeTarget section */
		1E55C26A26BE2E290046E34C /* SignupApp */ = {
			isa = PBXNativeTarget;
			buildConfigurationList = 1E55C29826BE2E520046E34C /* Build configuration list for PBXNativeTarget "SignupApp" */;
			buildPhases = (
				1E55C26726BE2E290046E34C /* Sources */,
				1E55C26826BE2E290046E34C /* Frameworks */,
				1E55C26926BE2E290046E34C /* Resources */,
			);
			buildRules = (
			);
			dependencies = (
			);
			name = SignupApp;
			productName = SignupApp;
			productReference = 1E55C26B26BE2E290046E34C /* SignupApp.app */;
			productType = "com.apple.product-type.application";
		};
		1E55C28326BE2E510046E34C /* SignupAppTests */ = {
			isa = PBXNativeTarget;
			buildConfigurationList = 1E55C29B26BE2E520046E34C /* Build configuration list for PBXNativeTarget "SignupAppTests" */;
			buildPhases = (
				1E55C28026BE2E510046E34C /* Sources */,
				1E55C28126BE2E510046E34C /* Frameworks */,
				1E55C28226BE2E510046E34C /* Resources */,
			);
			buildRules = (
			);
			dependencies = (
				1E55C28626BE2E510046E34C /* PBXTargetDependency */,
			);
			name = SignupAppTests;
			productName = SignupAppTests;
			productReference = 1E55C28426BE2E510046E34C /* SignupAppTests.xctest */;
			productType = "com.apple.product-type.bundle.unit-test";
		};
		1E55C28E26BE2E520046E34C /* SignupAppUITests */ = {
			isa = PBXNativeTarget;
			buildConfigurationList = 1E55C29E26BE2E520046E34C /* Build configuration list for PBXNativeTarget "SignupAppUITests" */;
			buildPhases = (
				1E55C28B26BE2E520046E34C /* Sources */,
				1E55C28C26BE2E520046E34C /* Frameworks */,
				1E55C28D26BE2E520046E34C /* Resources */,
			);
			buildRules = (
			);
			dependencies = (
				1E55C29126BE2E520046E34C /* PBXTargetDependency */,
			);
			name = SignupAppUITests;
			productName = SignupAppUITests;
			productReference = 1E55C28F26BE2E520046E34C /* SignupAppUITests.xctest */;
			productType = "com.apple.product-type.bundle.ui-testing";
		};
/* End PBXNativeTarget section */

/* Begin PBXProject section */
		1E55C26326BE2E290046E34C /* Project object */ = {
			isa = PBXProject;
			attributes = {
				LastSwiftUpdateCheck = 1230;
				LastUpgradeCheck = 1230;
				TargetAttributes = {
					1E55C26A26BE2E290046E34C = {
						CreatedOnToolsVersion = 12.3;
					};
					1E55C28326BE2E510046E34C = {
						CreatedOnToolsVersion = 12.3;
						TestTargetID = 1E55C26A26BE2E290046E34C;
					};
					1E55C28E26BE2E520046E34C = {
						CreatedOnToolsVersion = 12.3;
						TestTargetID = 1E55C26A26BE2E290046E34C;
					};
				};
			};
			buildConfigurationList = 1E55C26626BE2E290046E34C /* Build configuration list for PBXProject "SignupApp" */;
			compatibilityVersion = "Xcode 9.3";
			developmentRegion = en;
			hasScannedForEncodings = 0;
			knownRegions = (
				en,
				Base,
			);
			mainGroup = 1E55C26226BE2E290046E34C;
			productRefGroup = 1E55C26C26BE2E290046E34C /* Products */;
			projectDirPath = "";
			projectRoot = "";
			targets = (
				1E55C26A26BE2E290046E34C /* SignupApp */,
				1E55C28326BE2E510046E34C /* SignupAppTests */,
				1E55C28E26BE2E520046E34C /* SignupAppUITests */,
			);
		};
/* End PBXProject section */

/* Begin PBXResourcesBuildPhase section */
		1E55C26926BE2E290046E34C /* Resources */ = {
			isa = PBXResourcesBuildPhase;
			buildActionMask = 2147483647;
			files = (
				1E55C27E26BE2E500046E34C /* LaunchScreen.storyboard in Resources */,
				1EAD022E26C09D50006AFB21 /* sample.json in Resources */,
				1E55C27B26BE2E500046E34C /* Assets.xcassets in Resources */,
				1E55C27626BE2E2A0046E34C /* Main.storyboard in Resources */,
			);
			runOnlyForDeploymentPostprocessing = 0;
		};
		1E55C28226BE2E510046E34C /* Resources */ = {
			isa = PBXResourcesBuildPhase;
			buildActionMask = 2147483647;
			files = (
			);
			runOnlyForDeploymentPostprocessing = 0;
		};
		1E55C28D26BE2E520046E34C /* Resources */ = {
			isa = PBXResourcesBuildPhase;
			buildActionMask = 2147483647;
			files = (
			);
			runOnlyForDeploymentPostprocessing = 0;
		};
/* End PBXResourcesBuildPhase section */

/* Begin PBXSourcesBuildPhase section */
		1E55C26726BE2E290046E34C /* Sources */ = {
			isa = PBXSourcesBuildPhase;
			buildActionMask = 2147483647;
			files = (
				1EAD025926C10C87006AFB21 /* ActivityLogEntity+CoreDataProperties.swift in Sources */,
				1E55C31F26BF4F630046E34C /* ValidDataCheckContract.swift in Sources */,
				1E55C2CB26BE37B00046E34C /* UserDataManagerCloudKit.swift in Sources */,
				1E55C30726BE7C550046E34C /* UserDataEntity+CoreDataProperties.swift in Sources */,
				1EAD01E426C02B9F006AFB21 /* ClockData.swift in Sources */,
				1EAD023C26C10819006AFB21 /* ActivityLogManagerContract.swift in Sources */,
				1E55C26F26BE2E2A0046E34C /* AppDelegate.swift in Sources */,
				1E55C30626BE7C550046E34C /* UserDataEntity+CoreDataClass.swift in Sources */,
				1EAD020C26C04F0E006AFB21 /* ClockServiceContract.swift in Sources */,
				1E55C2BC26BE33B60046E34C /* UserDataLoginViewController.swift in Sources */,
				1E15A29626C151E7002BBECA /* ActivityLogInteractor.swift in Sources */,
				1E15A2B226C1A55D002BBECA /* ActivityLogTableViewCell.swift in Sources */,
				1EAD025826C10C87006AFB21 /* ActivityLogEntity+CoreDataClass.swift in Sources */,
				1E55C2AB26BE32100046E34C /* UserData.swift in Sources */,
				1E55C31926BF3A3E0046E34C /* DataManagerContract.swift in Sources */,
				1E55C30F26BF2BD10046E34C /* UserDataPresenter.swift in Sources */,
				1E15A29126C1518C002BBECA /* ActivityLogPresenter.swift in Sources */,
				1E55C2DA26BE4B000046E34C /* signupdb.xcdatamodeld in Sources */,
				1E15A28C26C14E7E002BBECA /* ActivityLogViewController.swift in Sources */,
				1E55C2D026BE38650046E34C /* CoreDataManager.swift in Sources */,
				1E55C27126BE2E2A0046E34C /* SceneDelegate.swift in Sources */,
				1EAD024126C1087B006AFB21 /* ActivityLogManagerCoreData.swift in Sources */,
				1EAD021126C04F80006AFB21 /* ClockServiceAPIGeoNamesAdapter.swift in Sources */,
				1E55C32C26BF88710046E34C /* ViewControllerExtension.swift in Sources */,
				1E55C2C126BE34430046E34C /* UserDataManagerContract.swift in Sources */,
				1EAD021626C0509A006AFB21 /* ClockAPIGeoNames.swift in Sources */,
				1EAD024926C10A9D006AFB21 /* ActivityLogData.swift in Sources */,
				1E55C32726BF4FD90046E34C /* ValidDataCheck.swift in Sources */,
				1E55C31426BF39920046E34C /* UserDataInteractor.swift in Sources */,
				1EAD022026C08CF8006AFB21 /* ClockAPIService.swift in Sources */,
				1EAD020626C04ADE006AFB21 /* UserDataManagerFirebase.swift in Sources */,
				1E55C2C626BE35620046E34C /* UserDataManagerCoreData.swift in Sources */,
			);
			runOnlyForDeploymentPostprocessing = 0;
		};
		1E55C28026BE2E510046E34C /* Sources */ = {
			isa = PBXSourcesBuildPhase;
			buildActionMask = 2147483647;
			files = (
				1EAD022826C0927D006AFB21 /* ClockDataTests.swift in Sources */,
				1E15A2A726C18C98002BBECA /* ActivityLogManagerTests.swift in Sources */,
				1EAD021B26C08442006AFB21 /* UserDataManagerTests.swift in Sources */,
				1E55C28926BE2E520046E34C /* SignupAppTests.swift in Sources */,
			);
			runOnlyForDeploymentPostprocessing = 0;
		};
		1E55C28B26BE2E520046E34C /* Sources */ = {
			isa = PBXSourcesBuildPhase;
			buildActionMask = 2147483647;
			files = (
				1E55C29426BE2E520046E34C /* SignupAppUITests.swift in Sources */,
			);
			runOnlyForDeploymentPostprocessing = 0;
		};
/* End PBXSourcesBuildPhase section */

/* Begin PBXTargetDependency section */
		1E55C28626BE2E510046E34C /* PBXTargetDependency */ = {
			isa = PBXTargetDependency;
			target = 1E55C26A26BE2E290046E34C /* SignupApp */;
			targetProxy = 1E55C28526BE2E510046E34C /* PBXContainerItemProxy */;
		};
		1E55C29126BE2E520046E34C /* PBXTargetDependency */ = {
			isa = PBXTargetDependency;
			target = 1E55C26A26BE2E290046E34C /* SignupApp */;
			targetProxy = 1E55C29026BE2E520046E34C /* PBXContainerItemProxy */;
		};
/* End PBXTargetDependency section */

/* Begin PBXVariantGroup section */
		1E55C27426BE2E2A0046E34C /* Main.storyboard */ = {
			isa = PBXVariantGroup;
			children = (
				1E55C27526BE2E2A0046E34C /* Base */,
			);
			name = Main.storyboard;
			sourceTree = "<group>";
		};
		1E55C27C26BE2E500046E34C /* LaunchScreen.storyboard */ = {
			isa = PBXVariantGroup;
			children = (
				1E55C27D26BE2E500046E34C /* Base */,
			);
			name = LaunchScreen.storyboard;
			sourceTree = "<group>";
		};
/* End PBXVariantGroup section */

/* Begin XCBuildConfiguration section */
		1E55C29626BE2E520046E34C /* Debug */ = {
			isa = XCBuildConfiguration;
			buildSettings = {
				ALWAYS_SEARCH_USER_PATHS = NO;
				CLANG_ANALYZER_NONNULL = YES;
				CLANG_ANALYZER_NUMBER_OBJECT_CONVERSION = YES_AGGRESSIVE;
				CLANG_CXX_LANGUAGE_STANDARD = "gnu++14";
				CLANG_CXX_LIBRARY = "libc++";
				CLANG_ENABLE_MODULES = YES;
				CLANG_ENABLE_OBJC_ARC = YES;
				CLANG_ENABLE_OBJC_WEAK = YES;
				CLANG_WARN_BLOCK_CAPTURE_AUTORELEASING = YES;
				CLANG_WARN_BOOL_CONVERSION = YES;
				CLANG_WARN_COMMA = YES;
				CLANG_WARN_CONSTANT_CONVERSION = YES;
				CLANG_WARN_DEPRECATED_OBJC_IMPLEMENTATIONS = YES;
				CLANG_WARN_DIRECT_OBJC_ISA_USAGE = YES_ERROR;
				CLANG_WARN_DOCUMENTATION_COMMENTS = YES;
				CLANG_WARN_EMPTY_BODY = YES;
				CLANG_WARN_ENUM_CONVERSION = YES;
				CLANG_WARN_INFINITE_RECURSION = YES;
				CLANG_WARN_INT_CONVERSION = YES;
				CLANG_WARN_NON_LITERAL_NULL_CONVERSION = YES;
				CLANG_WARN_OBJC_IMPLICIT_RETAIN_SELF = YES;
				CLANG_WARN_OBJC_LITERAL_CONVERSION = YES;
				CLANG_WARN_OBJC_ROOT_CLASS = YES_ERROR;
				CLANG_WARN_QUOTED_INCLUDE_IN_FRAMEWORK_HEADER = YES;
				CLANG_WARN_RANGE_LOOP_ANALYSIS = YES;
				CLANG_WARN_STRICT_PROTOTYPES = YES;
				CLANG_WARN_SUSPICIOUS_MOVE = YES;
				CLANG_WARN_UNGUARDED_AVAILABILITY = YES_AGGRESSIVE;
				CLANG_WARN_UNREACHABLE_CODE = YES;
				CLANG_WARN__DUPLICATE_METHOD_MATCH = YES;
				COPY_PHASE_STRIP = NO;
				DEBUG_INFORMATION_FORMAT = dwarf;
				ENABLE_STRICT_OBJC_MSGSEND = YES;
				ENABLE_TESTABILITY = YES;
				GCC_C_LANGUAGE_STANDARD = gnu11;
				GCC_DYNAMIC_NO_PIC = NO;
				GCC_NO_COMMON_BLOCKS = YES;
				GCC_OPTIMIZATION_LEVEL = 0;
				GCC_PREPROCESSOR_DEFINITIONS = (
					"DEBUG=1",
					"$(inherited)",
				);
				GCC_WARN_64_TO_32_BIT_CONVERSION = YES;
				GCC_WARN_ABOUT_RETURN_TYPE = YES_ERROR;
				GCC_WARN_UNDECLARED_SELECTOR = YES;
				GCC_WARN_UNINITIALIZED_AUTOS = YES_AGGRESSIVE;
				GCC_WARN_UNUSED_FUNCTION = YES;
				GCC_WARN_UNUSED_VARIABLE = YES;
				IPHONEOS_DEPLOYMENT_TARGET = 14.3;
				MTL_ENABLE_DEBUG_INFO = INCLUDE_SOURCE;
				MTL_FAST_MATH = YES;
				ONLY_ACTIVE_ARCH = YES;
				SDKROOT = iphoneos;
				SWIFT_ACTIVE_COMPILATION_CONDITIONS = DEBUG;
				SWIFT_OPTIMIZATION_LEVEL = "-Onone";
			};
			name = Debug;
		};
		1E55C29726BE2E520046E34C /* Release */ = {
			isa = XCBuildConfiguration;
			buildSettings = {
				ALWAYS_SEARCH_USER_PATHS = NO;
				CLANG_ANALYZER_NONNULL = YES;
				CLANG_ANALYZER_NUMBER_OBJECT_CONVERSION = YES_AGGRESSIVE;
				CLANG_CXX_LANGUAGE_STANDARD = "gnu++14";
				CLANG_CXX_LIBRARY = "libc++";
				CLANG_ENABLE_MODULES = YES;
				CLANG_ENABLE_OBJC_ARC = YES;
				CLANG_ENABLE_OBJC_WEAK = YES;
				CLANG_WARN_BLOCK_CAPTURE_AUTORELEASING = YES;
				CLANG_WARN_BOOL_CONVERSION = YES;
				CLANG_WARN_COMMA = YES;
				CLANG_WARN_CONSTANT_CONVERSION = YES;
				CLANG_WARN_DEPRECATED_OBJC_IMPLEMENTATIONS = YES;
				CLANG_WARN_DIRECT_OBJC_ISA_USAGE = YES_ERROR;
				CLANG_WARN_DOCUMENTATION_COMMENTS = YES;
				CLANG_WARN_EMPTY_BODY = YES;
				CLANG_WARN_ENUM_CONVERSION = YES;
				CLANG_WARN_INFINITE_RECURSION = YES;
				CLANG_WARN_INT_CONVERSION = YES;
				CLANG_WARN_NON_LITERAL_NULL_CONVERSION = YES;
				CLANG_WARN_OBJC_IMPLICIT_RETAIN_SELF = YES;
				CLANG_WARN_OBJC_LITERAL_CONVERSION = YES;
				CLANG_WARN_OBJC_ROOT_CLASS = YES_ERROR;
				CLANG_WARN_QUOTED_INCLUDE_IN_FRAMEWORK_HEADER = YES;
				CLANG_WARN_RANGE_LOOP_ANALYSIS = YES;
				CLANG_WARN_STRICT_PROTOTYPES = YES;
				CLANG_WARN_SUSPICIOUS_MOVE = YES;
				CLANG_WARN_UNGUARDED_AVAILABILITY = YES_AGGRESSIVE;
				CLANG_WARN_UNREACHABLE_CODE = YES;
				CLANG_WARN__DUPLICATE_METHOD_MATCH = YES;
				COPY_PHASE_STRIP = NO;
				DEBUG_INFORMATION_FORMAT = "dwarf-with-dsym";
				ENABLE_NS_ASSERTIONS = NO;
				ENABLE_STRICT_OBJC_MSGSEND = YES;
				GCC_C_LANGUAGE_STANDARD = gnu11;
				GCC_NO_COMMON_BLOCKS = YES;
				GCC_WARN_64_TO_32_BIT_CONVERSION = YES;
				GCC_WARN_ABOUT_RETURN_TYPE = YES_ERROR;
				GCC_WARN_UNDECLARED_SELECTOR = YES;
				GCC_WARN_UNINITIALIZED_AUTOS = YES_AGGRESSIVE;
				GCC_WARN_UNUSED_FUNCTION = YES;
				GCC_WARN_UNUSED_VARIABLE = YES;
				IPHONEOS_DEPLOYMENT_TARGET = 14.3;
				MTL_ENABLE_DEBUG_INFO = NO;
				MTL_FAST_MATH = YES;
				SDKROOT = iphoneos;
				SWIFT_COMPILATION_MODE = wholemodule;
				SWIFT_OPTIMIZATION_LEVEL = "-O";
				VALIDATE_PRODUCT = YES;
			};
			name = Release;
		};
		1E55C29926BE2E520046E34C /* Debug */ = {
			isa = XCBuildConfiguration;
			buildSettings = {
				ASSETCATALOG_COMPILER_APPICON_NAME = AppIcon;
				ASSETCATALOG_COMPILER_GLOBAL_ACCENT_COLOR_NAME = AccentColor;
				CODE_SIGN_STYLE = Automatic;
				DEVELOPMENT_TEAM = DVSM299CEH;
				INFOPLIST_FILE = SignupApp/Application/Info.plist;
				LD_RUNPATH_SEARCH_PATHS = (
					"$(inherited)",
					"@executable_path/Frameworks",
				);
				PRODUCT_BUNDLE_IDENTIFIER = com.americoc.SignupApp;
				PRODUCT_NAME = "$(TARGET_NAME)";
				SWIFT_VERSION = 5.0;
				TARGETED_DEVICE_FAMILY = "1,2";
			};
			name = Debug;
		};
		1E55C29A26BE2E520046E34C /* Release */ = {
			isa = XCBuildConfiguration;
			buildSettings = {
				ASSETCATALOG_COMPILER_APPICON_NAME = AppIcon;
				ASSETCATALOG_COMPILER_GLOBAL_ACCENT_COLOR_NAME = AccentColor;
				CODE_SIGN_STYLE = Automatic;
				DEVELOPMENT_TEAM = DVSM299CEH;
				INFOPLIST_FILE = SignupApp/Application/Info.plist;
				LD_RUNPATH_SEARCH_PATHS = (
					"$(inherited)",
					"@executable_path/Frameworks",
				);
				PRODUCT_BUNDLE_IDENTIFIER = com.americoc.SignupApp;
				PRODUCT_NAME = "$(TARGET_NAME)";
				SWIFT_VERSION = 5.0;
				TARGETED_DEVICE_FAMILY = "1,2";
			};
			name = Release;
		};
		1E55C29C26BE2E520046E34C /* Debug */ = {
			isa = XCBuildConfiguration;
			buildSettings = {
				ALWAYS_EMBED_SWIFT_STANDARD_LIBRARIES = YES;
				BUNDLE_LOADER = "$(TEST_HOST)";
				CODE_SIGN_STYLE = Automatic;
				DEVELOPMENT_TEAM = DVSM299CEH;
				INFOPLIST_FILE = SignupAppTests/Info.plist;
				IPHONEOS_DEPLOYMENT_TARGET = 14.3;
				LD_RUNPATH_SEARCH_PATHS = (
					"$(inherited)",
					"@executable_path/Frameworks",
					"@loader_path/Frameworks",
				);
				PRODUCT_BUNDLE_IDENTIFIER = com.americoc.SignupAppTests;
				PRODUCT_NAME = "$(TARGET_NAME)";
				SWIFT_VERSION = 5.0;
				TARGETED_DEVICE_FAMILY = "1,2";
				TEST_HOST = "$(BUILT_PRODUCTS_DIR)/SignupApp.app/SignupApp";
			};
			name = Debug;
		};
		1E55C29D26BE2E520046E34C /* Release */ = {
			isa = XCBuildConfiguration;
			buildSettings = {
				ALWAYS_EMBED_SWIFT_STANDARD_LIBRARIES = YES;
				BUNDLE_LOADER = "$(TEST_HOST)";
				CODE_SIGN_STYLE = Automatic;
				DEVELOPMENT_TEAM = DVSM299CEH;
				INFOPLIST_FILE = SignupAppTests/Info.plist;
				IPHONEOS_DEPLOYMENT_TARGET = 14.3;
				LD_RUNPATH_SEARCH_PATHS = (
					"$(inherited)",
					"@executable_path/Frameworks",
					"@loader_path/Frameworks",
				);
				PRODUCT_BUNDLE_IDENTIFIER = com.americoc.SignupAppTests;
				PRODUCT_NAME = "$(TARGET_NAME)";
				SWIFT_VERSION = 5.0;
				TARGETED_DEVICE_FAMILY = "1,2";
				TEST_HOST = "$(BUILT_PRODUCTS_DIR)/SignupApp.app/SignupApp";
			};
			name = Release;
		};
		1E55C29F26BE2E520046E34C /* Debug */ = {
			isa = XCBuildConfiguration;
			buildSettings = {
				ALWAYS_EMBED_SWIFT_STANDARD_LIBRARIES = YES;
				CODE_SIGN_STYLE = Automatic;
				DEVELOPMENT_TEAM = DVSM299CEH;
				INFOPLIST_FILE = SignupAppUITests/Info.plist;
				LD_RUNPATH_SEARCH_PATHS = (
					"$(inherited)",
					"@executable_path/Frameworks",
					"@loader_path/Frameworks",
				);
				PRODUCT_BUNDLE_IDENTIFIER = com.americoc.SignupAppUITests;
				PRODUCT_NAME = "$(TARGET_NAME)";
				SWIFT_VERSION = 5.0;
				TARGETED_DEVICE_FAMILY = "1,2";
				TEST_TARGET_NAME = SignupApp;
			};
			name = Debug;
		};
		1E55C2A026BE2E520046E34C /* Release */ = {
			isa = XCBuildConfiguration;
			buildSettings = {
				ALWAYS_EMBED_SWIFT_STANDARD_LIBRARIES = YES;
				CODE_SIGN_STYLE = Automatic;
				DEVELOPMENT_TEAM = DVSM299CEH;
				INFOPLIST_FILE = SignupAppUITests/Info.plist;
				LD_RUNPATH_SEARCH_PATHS = (
					"$(inherited)",
					"@executable_path/Frameworks",
					"@loader_path/Frameworks",
				);
				PRODUCT_BUNDLE_IDENTIFIER = com.americoc.SignupAppUITests;
				PRODUCT_NAME = "$(TARGET_NAME)";
				SWIFT_VERSION = 5.0;
				TARGETED_DEVICE_FAMILY = "1,2";
				TEST_TARGET_NAME = SignupApp;
			};
			name = Release;
		};
/* End XCBuildConfiguration section */

/* Begin XCConfigurationList section */
		1E55C26626BE2E290046E34C /* Build configuration list for PBXProject "SignupApp" */ = {
			isa = XCConfigurationList;
			buildConfigurations = (
				1E55C29626BE2E520046E34C /* Debug */,
				1E55C29726BE2E520046E34C /* Release */,
			);
			defaultConfigurationIsVisible = 0;
			defaultConfigurationName = Release;
		};
		1E55C29826BE2E520046E34C /* Build configuration list for PBXNativeTarget "SignupApp" */ = {
			isa = XCConfigurationList;
			buildConfigurations = (
				1E55C29926BE2E520046E34C /* Debug */,
				1E55C29A26BE2E520046E34C /* Release */,
			);
			defaultConfigurationIsVisible = 0;
			defaultConfigurationName = Release;
		};
		1E55C29B26BE2E520046E34C /* Build configuration list for PBXNativeTarget "SignupAppTests" */ = {
			isa = XCConfigurationList;
			buildConfigurations = (
				1E55C29C26BE2E520046E34C /* Debug */,
				1E55C29D26BE2E520046E34C /* Release */,
			);
			defaultConfigurationIsVisible = 0;
			defaultConfigurationName = Release;
		};
		1E55C29E26BE2E520046E34C /* Build configuration list for PBXNativeTarget "SignupAppUITests" */ = {
			isa = XCConfigurationList;
			buildConfigurations = (
				1E55C29F26BE2E520046E34C /* Debug */,
				1E55C2A026BE2E520046E34C /* Release */,
			);
			defaultConfigurationIsVisible = 0;
			defaultConfigurationName = Release;
		};
/* End XCConfigurationList section */

/* Begin XCVersionGroup section */
		1E55C2D826BE4B000046E34C /* signupdb.xcdatamodeld */ = {
			isa = XCVersionGroup;
			children = (
				1E55C2D926BE4B000046E34C /* signupdb.xcdatamodel */,
			);
			currentVersion = 1E55C2D926BE4B000046E34C /* signupdb.xcdatamodel */;
			path = signupdb.xcdatamodeld;
			sourceTree = "<group>";
			versionGroupType = wrapper.xcdatamodel;
		};
/* End XCVersionGroup section */
	};
	rootObject = 1E55C26326BE2E290046E34C /* Project object */;
}
